# This file is automatically @generated by Cargo.
# It is not intended for manual editing.
version = 4

[[package]]
name = "cli"
version = "0.1.0"

[[package]]
name = "nonogram-core"
version = "0.1.0"

[[package]]
name = "nonogram-format"
version = "0.1.0"

[[package]]
name = "nonogram-wasm"
version = "0.1.0"
